// !$*UTF8*$!
{
	archiveVersion = 1;
	classes = {
	};
	objectVersion = 46;
	objects = {

/* Begin PBXBuildFile section */
		312E47B21BF1975100D2F76C /* main.m in Sources */ = {isa = PBXBuildFile; fileRef = 312E47B11BF1975100D2F76C /* main.m */; };
		312E47B51BF1975100D2F76C /* AppDelegate.m in Sources */ = {isa = PBXBuildFile; fileRef = 312E47B41BF1975100D2F76C /* AppDelegate.m */; };
		312E47B81BF1975100D2F76C /* ViewController.m in Sources */ = {isa = PBXBuildFile; fileRef = 312E47B71BF1975100D2F76C /* ViewController.m */; };
		312E47BB1BF1975100D2F76C /* Main.storyboard in Resources */ = {isa = PBXBuildFile; fileRef = 312E47B91BF1975100D2F76C /* Main.storyboard */; };
		312E47BD1BF1975100D2F76C /* Assets.xcassets in Resources */ = {isa = PBXBuildFile; fileRef = 312E47BC1BF1975100D2F76C /* Assets.xcassets */; };
		312E47C01BF1975100D2F76C /* LaunchScreen.storyboard in Resources */ = {isa = PBXBuildFile; fileRef = 312E47BE1BF1975100D2F76C /* LaunchScreen.storyboard */; };
		312E47E11BF1FA3600D2F76C /* libKCDownloader.a in Frameworks */ = {isa = PBXBuildFile; fileRef = 312E47E01BF1FA3600D2F76C /* libKCDownloader.a */; settings = {ASSET_TAGS = (); }; };
/* End PBXBuildFile section */

/* Begin PBXFileReference section */
		312E47AD1BF1975100D2F76C /* DemoKCDownloader.app */ = {isa = PBXFileReference; explicitFileType = wrapper.application; includeInIndex = 0; path = DemoKCDownloader.app; sourceTree = BUILT_PRODUCTS_DIR; };
		312E47B11BF1975100D2F76C /* main.m */ = {isa = PBXFileReference; lastKnownFileType = sourcecode.c.objc; path = main.m; sourceTree = "<group>"; };
		312E47B31BF1975100D2F76C /* AppDelegate.h */ = {isa = PBXFileReference; lastKnownFileType = sourcecode.c.h; path = AppDelegate.h; sourceTree = "<group>"; };
		312E47B41BF1975100D2F76C /* AppDelegate.m */ = {isa = PBXFileReference; lastKnownFileType = sourcecode.c.objc; path = AppDelegate.m; sourceTree = "<group>"; };
		312E47B61BF1975100D2F76C /* ViewController.h */ = {isa = PBXFileReference; lastKnownFileType = sourcecode.c.h; path = ViewController.h; sourceTree = "<group>"; };
		312E47B71BF1975100D2F76C /* ViewController.m */ = {isa = PBXFileReference; lastKnownFileType = sourcecode.c.objc; path = ViewController.m; sourceTree = "<group>"; };
		312E47BA1BF1975100D2F76C /* Base */ = {isa = PBXFileReference; lastKnownFileType = file.storyboard; name = Base; path = Base.lproj/Main.storyboard; sourceTree = "<group>"; };
		312E47BC1BF1975100D2F76C /* Assets.xcassets */ = {isa = PBXFileReference; lastKnownFileType = folder.assetcatalog; path = Assets.xcassets; sourceTree = "<group>"; };
		312E47BF1BF1975100D2F76C /* Base */ = {isa = PBXFileReference; lastKnownFileType = file.storyboard; name = Base; path = Base.lproj/LaunchScreen.storyboard; sourceTree = "<group>"; };
		312E47C11BF1975100D2F76C /* Info.plist */ = {isa = PBXFileReference; lastKnownFileType = text.plist.xml; path = Info.plist; sourceTree = "<group>"; };
		312E47DF1BF1FA3600D2F76C /* KCDownloader.h */ = {isa = PBXFileReference; fileEncoding = 4; lastKnownFileType = sourcecode.c.h; name = KCDownloader.h; path = DemoKCDownloader/lib/KCDownloader.h; sourceTree = "<group>"; };
		312E47E01BF1FA3600D2F76C /* libKCDownloader.a */ = {isa = PBXFileReference; lastKnownFileType = archive.ar; name = libKCDownloader.a; path = DemoKCDownloader/lib/libKCDownloader.a; sourceTree = "<group>"; };
/* End PBXFileReference section */

/* Begin PBXFrameworksBuildPhase section */
		312E47AA1BF1975100D2F76C /* Frameworks */ = {
			isa = PBXFrameworksBuildPhase;
			buildActionMask = 2147483647;
			files = (
				312E47E11BF1FA3600D2F76C /* libKCDownloader.a in Frameworks */,
			);
			runOnlyForDeploymentPostprocessing = 0;
		};
/* End PBXFrameworksBuildPhase section */

/* Begin PBXGroup section */
		312E47A41BF1975100D2F76C = {
			isa = PBXGroup;
			children = (
				312E47DF1BF1FA3600D2F76C /* KCDownloader.h */,
				312E47E01BF1FA3600D2F76C /* libKCDownloader.a */,
				312E47AF1BF1975100D2F76C /* DemoKCDownloader */,
				312E47AE1BF1975100D2F76C /* Products */,
			);
			sourceTree = "<group>";
		};
		312E47AE1BF1975100D2F76C /* Products */ = {
			isa = PBXGroup;
			children = (
				312E47AD1BF1975100D2F76C /* DemoKCDownloader.app */,
			);
			name = Products;
			sourceTree = "<group>";
		};
		312E47AF1BF1975100D2F76C /* DemoKCDownloader */ = {
			isa = PBXGroup;
			children = (
				312E47B31BF1975100D2F76C /* AppDelegate.h */,
				312E47B41BF1975100D2F76C /* AppDelegate.m */,
				312E47B61BF1975100D2F76C /* ViewController.h */,
				312E47B71BF1975100D2F76C /* ViewController.m */,
				312E47B91BF1975100D2F76C /* Main.storyboard */,
				312E47BC1BF1975100D2F76C /* Assets.xcassets */,
				312E47BE1BF1975100D2F76C /* LaunchScreen.storyboard */,
				312E47C11BF1975100D2F76C /* Info.plist */,
				312E47B01BF1975100D2F76C /* Supporting Files */,
			);
			path = DemoKCDownloader;
			sourceTree = "<group>";
		};
		312E47B01BF1975100D2F76C /* Supporting Files */ = {
			isa = PBXGroup;
			children = (
				312E47B11BF1975100D2F76C /* main.m */,
			);
			name = "Supporting Files";
			sourceTree = "<group>";
		};
/* End PBXGroup section */

/* Begin PBXNativeTarget section */
		312E47AC1BF1975100D2F76C /* DemoKCDownloader */ = {
			isa = PBXNativeTarget;
			buildConfigurationList = 312E47C41BF1975100D2F76C /* Build configuration list for PBXNativeTarget "DemoKCDownloader" */;
			buildPhases = (
				312E47A91BF1975100D2F76C /* Sources */,
				312E47AA1BF1975100D2F76C /* Frameworks */,
				312E47AB1BF1975100D2F76C /* Resources */,
			);
			buildRules = (
			);
			dependencies = (
			);
			name = DemoKCDownloader;
			productName = DemoKCDownloader;
			productReference = 312E47AD1BF1975100D2F76C /* DemoKCDownloader.app */;
			productType = "com.apple.product-type.application";
		};
/* End PBXNativeTarget section */

/* Begin PBXProject section */
		312E47A51BF1975100D2F76C /* Project object */ = {
			isa = PBXProject;
			attributes = {
				LastUpgradeCheck = 0700;
				ORGANIZATIONNAME = "Keeley Soft";
				TargetAttributes = {
					312E47AC1BF1975100D2F76C = {
						CreatedOnToolsVersion = 7.0;
					};
				};
			};
			buildConfigurationList = 312E47A81BF1975100D2F76C /* Build configuration list for PBXProject "DemoKCDownloader" */;
			compatibilityVersion = "Xcode 3.2";
			developmentRegion = English;
			hasScannedForEncodings = 0;
			knownRegions = (
				en,
				Base,
			);
			mainGroup = 312E47A41BF1975100D2F76C;
			productRefGroup = 312E47AE1BF1975100D2F76C /* Products */;
			projectDirPath = "";
			projectRoot = "";
			targets = (
				312E47AC1BF1975100D2F76C /* DemoKCDownloader */,
			);
		};
/* End PBXProject section */

/* Begin PBXResourcesBuildPhase section */
		312E47AB1BF1975100D2F76C /* Resources */ = {
			isa = PBXResourcesBuildPhase;
			buildActionMask = 2147483647;
			files = (
				312E47C01BF1975100D2F76C /* LaunchScreen.storyboard in Resources */,
				312E47BD1BF1975100D2F76C /* Assets.xcassets in Resources */,
				312E47BB1BF1975100D2F76C /* Main.storyboard in Resources */,
			);
			runOnlyForDeploymentPostprocessing = 0;
		};
/* End PBXResourcesBuildPhase section */

/* Begin PBXSourcesBuildPhase section */
		312E47A91BF1975100D2F76C /* Sources */ = {
			isa = PBXSourcesBuildPhase;
			buildActionMask = 2147483647;
			files = (
				312E47B81BF1975100D2F76C /* ViewController.m in Sources */,
				312E47B51BF1975100D2F76C /* AppDelegate.m in Sources */,
				312E47B21BF1975100D2F76C /* main.m in Sources */,
			);
			runOnlyForDeploymentPostprocessing = 0;
		};
/* End PBXSourcesBuildPhase section */

/* Begin PBXVariantGroup section */
		312E47B91BF1975100D2F76C /* Main.storyboard */ = {
			isa = PBXVariantGroup;
			children = (
				312E47BA1BF1975100D2F76C /* Base */,
			);
			name = Main.storyboard;
			sourceTree = "<group>";
		};
		312E47BE1BF1975100D2F76C /* LaunchScreen.storyboard */ = {
			isa = PBXVariantGroup;
			children = (
				312E47BF1BF1975100D2F76C /* Base */,
			);
			name = LaunchScreen.storyboard;
			sourceTree = "<group>";
		};
/* End PBXVariantGroup section */

/* Begin XCBuildConfiguration section */
		312E47C21BF1975100D2F76C /* Debug */ = {
			isa = XCBuildConfiguration;
			buildSettings = {
				ALWAYS_SEARCH_USER_PATHS = NO;
				CLANG_CXX_LANGUAGE_STANDARD = "gnu++0x";
				CLANG_CXX_LIBRARY = "libc++";
				CLANG_ENABLE_MODULES = YES;
				CLANG_ENABLE_OBJC_ARC = YES;
				CLANG_WARN_BOOL_CONVERSION = YES;
				CLANG_WARN_CONSTANT_CONVERSION = YES;
				CLANG_WARN_DIRECT_OBJC_ISA_USAGE = YES_ERROR;
				CLANG_WARN_EMPTY_BODY = YES;
				CLANG_WARN_ENUM_CONVERSION = YES;
				CLANG_WARN_INT_CONVERSION = YES;
				CLANG_WARN_OBJC_ROOT_CLASS = YES_ERROR;
				CLANG_WARN_UNREACHABLE_CODE = YES;
				CLANG_WARN__DUPLICATE_METHOD_MATCH = YES;
				"CODE_SIGN_IDENTITY[sdk=iphoneos*]" = "iPhone Developer";
				COPY_PHASE_STRIP = NO;
				DEBUG_INFORMATION_FORMAT = dwarf;
				ENABLE_STRICT_OBJC_MSGSEND = YES;
				ENABLE_TESTABILITY = YES;
				GCC_C_LANGUAGE_STANDARD = gnu99;
				GCC_DYNAMIC_NO_PIC = NO;
				GCC_NO_COMMON_BLOCKS = YES;
				GCC_OPTIMIZATION_LEVEL = 0;
				GCC_PREPROCESSOR_DEFINITIONS = (
					"DEBUG=1",
					"$(inherited)",
				);
				GCC_WARN_64_TO_32_BIT_CONVERSION = YES;
				GCC_WARN_ABOUT_RETURN_TYPE = YES_ERROR;
				GCC_WARN_UNDECLARED_SELECTOR = YES;
				GCC_WARN_UNINITIALIZED_AUTOS = YES_AGGRESSIVE;
				GCC_WARN_UNUSED_FUNCTION = YES;
				GCC_WARN_UNUSED_VARIABLE = YES;
				IPHONEOS_DEPLOYMENT_TARGET = 9.0;
				MTL_ENABLE_DEBUG_INFO = YES;
				ONLY_ACTIVE_ARCH = YES;
				SDKROOT = iphoneos;
				TARGETED_DEVICE_FAMILY = "1,2";
			};
			name = Debug;
		};
		312E47C31BF1975100D2F76C /* Release */ = {
			isa = XCBuildConfiguration;
			buildSettings = {
				ALWAYS_SEARCH_USER_PATHS = NO;
				CLANG_CXX_LANGUAGE_STANDARD = "gnu++0x";
				CLANG_CXX_LIBRARY = "libc++";
				CLANG_ENABLE_MODULES = YES;
				CLANG_ENABLE_OBJC_ARC = YES;
				CLANG_WARN_BOOL_CONVERSION = YES;
				CLANG_WARN_CONSTANT_CONVERSION = YES;
				CLANG_WARN_DIRECT_OBJC_ISA_USAGE = YES_ERROR;
				CLANG_WARN_EMPTY_BODY = YES;
				CLANG_WARN_ENUM_CONVERSION = YES;
				CLANG_WARN_INT_CONVERSION = YES;
				CLANG_WARN_OBJC_ROOT_CLASS = YES_ERROR;
				CLANG_WARN_UNREACHABLE_CODE = YES;
				CLANG_WARN__DUPLICATE_METHOD_MATCH = YES;
				"CODE_SIGN_IDENTITY[sdk=iphoneos*]" = "iPhone Developer";
				COPY_PHASE_STRIP = NO;
				DEBUG_INFORMATION_FORMAT = "dwarf-with-dsym";
				ENABLE_NS_ASSERTIONS = NO;
				ENABLE_STRICT_OBJC_MSGSEND = YES;
				GCC_C_LANGUAGE_STANDARD = gnu99;
				GCC_NO_COMMON_BLOCKS = YES;
				GCC_WARN_64_TO_32_BIT_CONVERSION = YES;
				GCC_WARN_ABOUT_RETURN_TYPE = YES_ERROR;
				GCC_WARN_UNDECLARED_SELECTOR = YES;
				GCC_WARN_UNINITIALIZED_AUTOS = YES_AGGRESSIVE;
				GCC_WARN_UNUSED_FUNCTION = YES;
				GCC_WARN_UNUSED_VARIABLE = YES;
				IPHONEOS_DEPLOYMENT_TARGET = 9.0;
				MTL_ENABLE_DEBUG_INFO = NO;
				SDKROOT = iphoneos;
				TARGETED_DEVICE_FAMILY = "1,2";
				VALIDATE_PRODUCT = YES;
			};
			name = Release;
		};
		312E47C51BF1975100D2F76C /* Debug */ = {
			isa = XCBuildConfiguration;
			buildSettings = {
				ASSETCATALOG_COMPILER_APPICON_NAME = AppIcon;
				CLANG_ENABLE_OBJC_ARC = NO;
				INFOPLIST_FILE = DemoKCDownloader/Info.plist;
				LD_RUNPATH_SEARCH_PATHS = "$(inherited) @executable_path/Frameworks";
				LIBRARY_SEARCH_PATHS = (
					"$(inherited)",
					"$(PROJECT_DIR)/DemoKCDownloader/lib",
				);
				PRODUCT_BUNDLE_IDENTIFIER = com.keeleysoft.DemoKCDownloader;
				PRODUCT_NAME = "$(TARGET_NAME)";
			};
			name = Debug;
		};
		312E47C61BF1975100D2F76C /* Release */ = {
			isa = XCBuildConfiguration;
			buildSettings = {
				ASSETCATALOG_COMPILER_APPICON_NAME = AppIcon;
				CLANG_ENABLE_OBJC_ARC = NO;
				INFOPLIST_FILE = DemoKCDownloader/Info.plist;
				LD_RUNPATH_SEARCH_PATHS = "$(inherited) @executable_path/Frameworks";
				LIBRARY_SEARCH_PATHS = (
					"$(inherited)",
					"$(PROJECT_DIR)/DemoKCDownloader/lib",
				);
				PRODUCT_BUNDLE_IDENTIFIER = com.keeleysoft.DemoKCDownloader;
				PRODUCT_NAME = "$(TARGET_NAME)";
			};
			name = Release;
		};
/* End XCBuildConfiguration section */

/* Begin XCConfigurationList section */
		312E47A81BF1975100D2F76C /* Build configuration list for PBXProject "DemoKCDownloader" */ = {
			isa = XCConfigurationList;
			buildConfigurations = (
				312E47C21BF1975100D2F76C /* Debug */,
				312E47C31BF1975100D2F76C /* Release */,
			);
			defaultConfigurationIsVisible = 0;
			defaultConfigurationName = Release;
		};
		312E47C41BF1975100D2F76C /* Build configuration list for PBXNativeTarget "DemoKCDownloader" */ = {
			isa = XCConfigurationList;
			buildConfigurations = (
				312E47C51BF1975100D2F76C /* Debug */,
				312E47C61BF1975100D2F76C /* Release */,
			);
			defaultConfigurationIsVisible = 0;
		};
/* End XCConfigurationList section */
	};
	rootObject = 312E47A51BF1975100D2F76C /* Project object */;
}
