// !$*UTF8*$!
{
	archiveVersion = 1;
	classes = {
	};
	objectVersion = 46;
	objects = {

/* Begin PBXBuildFile section */
		312E47D41BF197AD00D2F76C /* KCDownloader.h in CopyFiles */ = {isa = PBXBuildFile; fileRef = 312E47D31BF197AD00D2F76C /* KCDownloader.h */; };
		312E47D61BF197AD00D2F76C /* KCDownloader.m in Sources */ = {isa = PBXBuildFile; fileRef = 312E47D51BF197AD00D2F76C /* KCDownloader.m */; };
/* End PBXBuildFile section */

/* Begin PBXCopyFilesBuildPhase section */
		312E47CE1BF197AD00D2F76C /* CopyFiles */ = {
			isa = PBXCopyFilesBuildPhase;
			buildActionMask = 2147483647;
			dstPath = "include/$(PRODUCT_NAME)";
			dstSubfolderSpec = 16;
			files = (
				312E47D41BF197AD00D2F76C /* KCDownloader.h in CopyFiles */,
			);
			runOnlyForDeploymentPostprocessing = 0;
		};
/* End PBXCopyFilesBuildPhase section */

/* Begin PBXFileReference section */
		312E47D01BF197AD00D2F76C /* libKCDownloader.a */ = {isa = PBXFileReference; explicitFileType = archive.ar; includeInIndex = 0; path = libKCDownloader.a; sourceTree = BUILT_PRODUCTS_DIR; };
		312E47D31BF197AD00D2F76C /* KCDownloader.h */ = {isa = PBXFileReference; lastKnownFileType = sourcecode.c.h; path = KCDownloader.h; sourceTree = "<group>"; };
		312E47D51BF197AD00D2F76C /* KCDownloader.m */ = {isa = PBXFileReference; lastKnownFileType = sourcecode.c.objc; path = KCDownloader.m; sourceTree = "<group>"; };
/* End PBXFileReference section */

/* Begin PBXFrameworksBuildPhase section */
		312E47CD1BF197AD00D2F76C /* Frameworks */ = {
			isa = PBXFrameworksBuildPhase;
			buildActionMask = 2147483647;
			files = (
			);
			runOnlyForDeploymentPostprocessing = 0;
		};
/* End PBXFrameworksBuildPhase section */

/* Begin PBXGroup section */
		312E47C71BF197AD00D2F76C = {
			isa = PBXGroup;
			children = (
				312E47D21BF197AD00D2F76C /* KCDownloader */,
				312E47D11BF197AD00D2F76C /* Products */,
			);
			sourceTree = "<group>";
		};
		312E47D11BF197AD00D2F76C /* Products */ = {
			isa = PBXGroup;
			children = (
				312E47D01BF197AD00D2F76C /* libKCDownloader.a */,
			);
			name = Products;
			sourceTree = "<group>";
		};
		312E47D21BF197AD00D2F76C /* KCDownloader */ = {
			isa = PBXGroup;
			children = (
				312E47D31BF197AD00D2F76C /* KCDownloader.h */,
				312E47D51BF197AD00D2F76C /* KCDownloader.m */,
			);
			path = KCDownloader;
			sourceTree = "<group>";
		};
/* End PBXGroup section */

/* Begin PBXNativeTarget section */
		312E47CF1BF197AD00D2F76C /* KCDownloader */ = {
			isa = PBXNativeTarget;
			buildConfigurationList = 312E47D91BF197AD00D2F76C /* Build configuration list for PBXNativeTarget "KCDownloader" */;
			buildPhases = (
				312E47CC1BF197AD00D2F76C /* Sources */,
				312E47CD1BF197AD00D2F76C /* Frameworks */,
				312E47CE1BF197AD00D2F76C /* CopyFiles */,
			);
			buildRules = (
			);
			dependencies = (
			);
			name = KCDownloader;
			productName = KCDownloader;
			productReference = 312E47D01BF197AD00D2F76C /* libKCDownloader.a */;
			productType = "com.apple.product-type.library.static";
		};
/* End PBXNativeTarget section */

/* Begin PBXProject section */
		312E47C81BF197AD00D2F76C /* Project object */ = {
			isa = PBXProject;
			attributes = {
				LastUpgradeCheck = 0700;
				ORGANIZATIONNAME = "Keeley Soft";
				TargetAttributes = {
					312E47CF1BF197AD00D2F76C = {
						CreatedOnToolsVersion = 7.0;
					};
				};
			};
			buildConfigurationList = 312E47CB1BF197AD00D2F76C /* Build configuration list for PBXProject "KCDownloader" */;
			compatibilityVersion = "Xcode 3.2";
			developmentRegion = English;
			hasScannedForEncodings = 0;
			knownRegions = (
				en,
			);
			mainGroup = 312E47C71BF197AD00D2F76C;
			productRefGroup = 312E47D11BF197AD00D2F76C /* Products */;
			projectDirPath = "";
			projectRoot = "";
			targets = (
				312E47CF1BF197AD00D2F76C /* KCDownloader */,
			);
		};
/* End PBXProject section */

/* Begin PBXSourcesBuildPhase section */
		312E47CC1BF197AD00D2F76C /* Sources */ = {
			isa = PBXSourcesBuildPhase;
			buildActionMask = 2147483647;
			files = (
				312E47D61BF197AD00D2F76C /* KCDownloader.m in Sources */,
			);
			runOnlyForDeploymentPostprocessing = 0;
		};
/* End PBXSourcesBuildPhase section */

/* Begin XCBuildConfiguration section */
		312E47D71BF197AD00D2F76C /* Debug */ = {
			isa = XCBuildConfiguration;
			buildSettings = {
				ALWAYS_SEARCH_USER_PATHS = NO;
				CLANG_CXX_LANGUAGE_STANDARD = "gnu++0x";
				CLANG_CXX_LIBRARY = "libc++";
				CLANG_ENABLE_MODULES = YES;
				CLANG_ENABLE_OBJC_ARC = YES;
				CLANG_WARN_BOOL_CONVERSION = YES;
				CLANG_WARN_CONSTANT_CONVERSION = YES;
				CLANG_WARN_DIRECT_OBJC_ISA_USAGE = YES_ERROR;
				CLANG_WARN_EMPTY_BODY = YES;
				CLANG_WARN_ENUM_CONVERSION = YES;
				CLANG_WARN_INT_CONVERSION = YES;
				CLANG_WARN_OBJC_ROOT_CLASS = YES_ERROR;
				CLANG_WARN_UNREACHABLE_CODE = YES;
				CLANG_WARN__DUPLICATE_METHOD_MATCH = YES;
				COPY_PHASE_STRIP = NO;
				DEBUG_INFORMATION_FORMAT = dwarf;
				ENABLE_STRICT_OBJC_MSGSEND = YES;
				ENABLE_TESTABILITY = YES;
				GCC_C_LANGUAGE_STANDARD = gnu99;
				GCC_DYNAMIC_NO_PIC = NO;
				GCC_NO_COMMON_BLOCKS = YES;
				GCC_OPTIMIZATION_LEVEL = 0;
				GCC_PREPROCESSOR_DEFINITIONS = (
					"DEBUG=1",
					"$(inherited)",
				);
				GCC_WARN_64_TO_32_BIT_CONVERSION = YES;
				GCC_WARN_ABOUT_RETURN_TYPE = YES_ERROR;
				GCC_WARN_UNDECLARED_SELECTOR = YES;
				GCC_WARN_UNINITIALIZED_AUTOS = YES_AGGRESSIVE;
				GCC_WARN_UNUSED_FUNCTION = YES;
				GCC_WARN_UNUSED_VARIABLE = YES;
				IPHONEOS_DEPLOYMENT_TARGET = 9.0;
				MTL_ENABLE_DEBUG_INFO = YES;
				ONLY_ACTIVE_ARCH = YES;
				SDKROOT = iphoneos;
			};
			name = Debug;
		};
		312E47D81BF197AD00D2F76C /* Release */ = {
			isa = XCBuildConfiguration;
			buildSettings = {
				ALWAYS_SEARCH_USER_PATHS = NO;
				CLANG_CXX_LANGUAGE_STANDARD = "gnu++0x";
				CLANG_CXX_LIBRARY = "libc++";
				CLANG_ENABLE_MODULES = YES;
				CLANG_ENABLE_OBJC_ARC = YES;
				CLANG_WARN_BOOL_CONVERSION = YES;
				CLANG_WARN_CONSTANT_CONVERSION = YES;
				CLANG_WARN_DIRECT_OBJC_ISA_USAGE = YES_ERROR;
				CLANG_WARN_EMPTY_BODY = YES;
				CLANG_WARN_ENUM_CONVERSION = YES;
				CLANG_WARN_INT_CONVERSION = YES;
				CLANG_WARN_OBJC_ROOT_CLASS = YES_ERROR;
				CLANG_WARN_UNREACHABLE_CODE = YES;
				CLANG_WARN__DUPLICATE_METHOD_MATCH = YES;
				COPY_PHASE_STRIP = NO;
				DEBUG_INFORMATION_FORMAT = "dwarf-with-dsym";
				ENABLE_NS_ASSERTIONS = NO;
				ENABLE_STRICT_OBJC_MSGSEND = YES;
				GCC_C_LANGUAGE_STANDARD = gnu99;
				GCC_NO_COMMON_BLOCKS = YES;
				GCC_WARN_64_TO_32_BIT_CONVERSION = YES;
				GCC_WARN_ABOUT_RETURN_TYPE = YES_ERROR;
				GCC_WARN_UNDECLARED_SELECTOR = YES;
				GCC_WARN_UNINITIALIZED_AUTOS = YES_AGGRESSIVE;
				GCC_WARN_UNUSED_FUNCTION = YES;
				GCC_WARN_UNUSED_VARIABLE = YES;
				IPHONEOS_DEPLOYMENT_TARGET = 9.0;
				MTL_ENABLE_DEBUG_INFO = NO;
				SDKROOT = iphoneos;
				VALIDATE_PRODUCT = YES;
			};
			name = Release;
		};
		312E47DA1BF197AD00D2F76C /* Debug */ = {
			isa = XCBuildConfiguration;
			buildSettings = {
				CLANG_ENABLE_OBJC_ARC = NO;
				ONLY_ACTIVE_ARCH = NO;
				OTHER_LDFLAGS = "-ObjC";
				PRODUCT_NAME = "$(TARGET_NAME)";
				SKIP_INSTALL = YES;
				VALID_ARCHS = "arm64 armv7 armv7s x86_64";
			};
			name = Debug;
		};
		312E47DB1BF197AD00D2F76C /* Release */ = {
			isa = XCBuildConfiguration;
			buildSettings = {
				CLANG_ENABLE_OBJC_ARC = NO;
				ONLY_ACTIVE_ARCH = NO;
				OTHER_LDFLAGS = "-ObjC";
				PRODUCT_NAME = "$(TARGET_NAME)";
				SKIP_INSTALL = YES;
				VALID_ARCHS = "arm64 armv7 armv7s x86_64";
			};
			name = Release;
		};
/* End XCBuildConfiguration section */

/* Begin XCConfigurationList section */
		312E47CB1BF197AD00D2F76C /* Build configuration list for PBXProject "KCDownloader" */ = {
			isa = XCConfigurationList;
			buildConfigurations = (
				312E47D71BF197AD00D2F76C /* Debug */,
				312E47D81BF197AD00D2F76C /* Release */,
			);
			defaultConfigurationIsVisible = 0;
			defaultConfigurationName = Release;
		};
		312E47D91BF197AD00D2F76C /* Build configuration list for PBXNativeTarget "KCDownloader" */ = {
			isa = XCConfigurationList;
			buildConfigurations = (
				312E47DA1BF197AD00D2F76C /* Debug */,
				312E47DB1BF197AD00D2F76C /* Release */,
			);
			defaultConfigurationIsVisible = 0;
		};
/* End XCConfigurationList section */
	};
	rootObject = 312E47C81BF197AD00D2F76C /* Project object */;
}
